Microsoft Visual Studio Solution File, Format Version 12.00
# Visual Studio Version 17
VisualStudioVersion = 17.5.2.0
MinimumVisualStudioVersion = 10.0.40219.1
Project("{FAE04EC0-301F-11D3-BF4B-00C04F79EFBC}") = "Tarea_Semana_7", "Tarea_Semana_7.csproj", "{422C3BF0-205E-D350-EAEF-F287FC03D5F1}"
EndProject
Global
	GlobalSection(SolutionConfigurationPlatforms) = preSolution
		Debug|Any CPU = Debug|Any CPU
		Release|Any CPU = Release|Any CPU
	EndGlobalSection
	GlobalSection(ProjectConfigurationPlatforms) = postSolution
		{422C3BF0-205E-D350-EAEF-F287FC03D5F1}.Debug|Any CPU.ActiveCfg = Debug|Any CPU
		{422C3BF0-205E-D350-EAEF-F287FC03D5F1}.Debug|Any CPU.Build.0 = Debug|Any CPU
		{422C3BF0-205E-D350-EAEF-F287FC03D5F1}.Release|Any CPU.ActiveCfg = Release|Any CPU
		{422C3BF0-205E-D350-EAEF-F287FC03D5F1}.Release|Any CPU.Build.0 = Release|Any CPU
	EndGlobalSection
	GlobalSection(SolutionProperties) = preSolution
		HideSolutionNode = FALSE
	EndGlobalSection
	GlobalSection(ExtensibilityGlobals) = postSolution
		SolutionGuid = {EED29300-B74C-42DB-B4A8-9DB1B0F72841}
	EndGlobalSection
EndGlobal
